{
  "originHash" : "6573991efb5192f96afe3b639414cf23d6aa58712b9344554fa63c098f0ba41c",
  "pins" : [
    {
      "identity" : "msdisplaylink",
      "kind" : "remoteSourceControl",
      "location" : "https://github.com/Lakr233/MSDisplayLink.git",
      "state" : {
        "revision" : "1ba3e769b734e456317fa7e45321fa7f53eefb67",
        "version" : "2.1.0"
      }
    },
    {
      "identity" : "springinterpolation",
      "kind" : "remoteSourceControl",
      "location" : "https://github.com/Lakr233/SpringInterpolation.git",
      "state" : {
        "revision" : "cdb556516daa9b43c16aae9436dd39e19ff930fd",
        "version" : "1.4.0"
      }
    },
    {
      "identity" : "windowanimation",
      "kind" : "remoteSourceControl",
      "location" : "https://github.com/Lakr233/WindowAnimation",
      "state" : {
        "revision" : "c214407f194a3af929bbfbcdb20efba0de0799ee",
        "version" : "1.1.0"
      }
    }
  ],
  "version" : 3
}
